lockfile_version: '1'
generated_at: '2026-05-24T02:35:22.171050+00:00'
dependencies: []
local_deployed_files:
- .claude/rules/apm-workflow.md
- .claude/rules/pr-review.md
- .claude/rules/setup.md
- .github/instructions/apm-workflow.instructions.md
- .github/instructions/pr-review.instructions.md
- .github/instructions/setup.instructions.md
local_deployed_file_hashes:
  .claude/rules/apm-workflow.md: sha256:29ba4452f180243cc5335cd9d5d9487e26fef0da6c0629158fc10c52a1392445
  .claude/rules/pr-review.md: sha256:af50a0661cc593d21f02943882089b8618776e50512e4c2ea40c0116cd1fefec
  .claude/rules/setup.md: sha256:c60cc573b46e3159ed6ab3dfc24aa08316e25c6c497edaaa2ef66b3c0bc25b78
  .github/instructions/apm-workflow.instructions.md: sha256:0767af8255b63bf3139bdb839940a302de6cc2199173a153b5d0c2c272891d12
  .github/instructions/pr-review.instructions.md: sha256:713e9febbf9ea3d284c9a811ee3672129b3ae1bee224d2255e813551adb002a2
  .github/instructions/setup.instructions.md: sha256:8e15a32fd8a02a6ccace41cfd8537f66397c16275500eba706df4ec901415758
